
Microsoft Visual Studio Solution File, Format Version 12.00
# Visual Studio Version 16
VisualStudioVersion = 16.0.30717.126
MinimumVisualStudioVersion = 10.0.40219.1
Project("{FAE04EC0-301F-11D3-BF4B-00C04F79EFBC}") = "RMSOK", "RMSOK\RMSOK.csproj", "{8CFFE3A3-BB59-4829-A799-CDC62697E4D2}"
EndProject
Global
	GlobalSection(SolutionConfigurationPlatforms) = preSolution
		Debug|Any CPU = Debug|Any CPU
		Release|Any CPU = Release|Any CPU
	EndGlobalSection
	GlobalSection(ProjectConfigurationPlatforms) = postSolution
		{8CFFE3A3-BB59-4829-A799-CDC62697E4D2}.Debug|Any CPU.ActiveCfg = Debug|Any CPU
		{8CFFE3A3-BB59-4829-A799-CDC62697E4D2}.Debug|Any CPU.Build.0 = Debug|Any CPU
		{8CFFE3A3-BB59-4829-A799-CDC62697E4D2}.Release|Any CPU.ActiveCfg = Release|Any CPU
		{8CFFE3A3-BB59-4829-A799-CDC62697E4D2}.Release|Any CPU.Build.0 = Release|Any CPU
	EndGlobalSection
	GlobalSection(SolutionProperties) = preSolution
		HideSolutionNode = FALSE
	EndGlobalSection
	GlobalSection(ExtensibilityGlobals) = postSolution
		SolutionGuid = {226E228E-B47D-48EE-BC35-B25AABA2B7A0}
	EndGlobalSection
EndGlobal
